
Microsoft Visual Studio Solution File, Format Version 12.00
# Visual Studio Version 17
VisualStudioVersion = 17.10.35013.160
MinimumVisualStudioVersion = 10.0.40219.1
Project("{FAE04EC0-301F-11D3-BF4B-00C04F79EFBC}") = "BlogApi", "BlogApi\BlogApi.csproj", "{808EEEE2-2167-4989-AAF9-C79A10974408}"
EndProject
Global
	GlobalSection(SolutionConfigurationPlatforms) = preSolution
		Debug|Any CPU = Debug|Any CPU
		Release|Any CPU = Release|Any CPU
	EndGlobalSection
	GlobalSection(ProjectConfigurationPlatforms) = postSolution
		{808EEEE2-2167-4989-AAF9-C79A10974408}.Debug|Any CPU.ActiveCfg = Debug|Any CPU
		{808EEEE2-2167-4989-AAF9-C79A10974408}.Debug|Any CPU.Build.0 = Debug|Any CPU
		{808EEEE2-2167-4989-AAF9-C79A10974408}.Release|Any CPU.ActiveCfg = Release|Any CPU
		{808EEEE2-2167-4989-AAF9-C79A10974408}.Release|Any CPU.Build.0 = Release|Any CPU
	EndGlobalSection
	GlobalSection(SolutionProperties) = preSolution
		HideSolutionNode = FALSE
	EndGlobalSection
	GlobalSection(ExtensibilityGlobals) = postSolution
		SolutionGuid = {D89AADB1-48B9-4F2F-8910-4219E84AAE8F}
	EndGlobalSection
EndGlobal
